
Microsoft Visual Studio Solution File, Format Version 12.00
# Visual Studio Version 17
VisualStudioVersion = 17.8.34511.84
MinimumVisualStudioVersion = 10.0.40219.1
Project("{FAE04EC0-301F-11D3-BF4B-00C04F79EFBC}") = "RabbitMQExample", "RabbitMQExample\RabbitMQExample.csproj", "{966FEC1A-8564-409B-BF14-4742FE22E383}"
EndProject
Project("{FAE04EC0-301F-11D3-BF4B-00C04F79EFBC}") = "RabbitMQConsumerExample", "RabbitMQConsumerExample\RabbitMQConsumerExample.csproj", "{02B03BD4-DB89-4292-9152-4775E4DB475A}"
EndProject
Project("{FAE04EC0-301F-11D3-BF4B-00C04F79EFBC}") = "RabbitMQExample2", "RabbitMQExample2\RabbitMQExample2.csproj", "{0FFA0148-9BAF-4484-858F-FC77233544F7}"
EndProject
Global
	GlobalSection(SolutionConfigurationPlatforms) = preSolution
		Debug|Any CPU = Debug|Any CPU
		Release|Any CPU = Release|Any CPU
	EndGlobalSection
	GlobalSection(ProjectConfigurationPlatforms) = postSolution
		{966FEC1A-8564-409B-BF14-4742FE22E383}.Debug|Any CPU.ActiveCfg = Debug|Any CPU
		{966FEC1A-8564-409B-BF14-4742FE22E383}.Debug|Any CPU.Build.0 = Debug|Any CPU
		{966FEC1A-8564-409B-BF14-4742FE22E383}.Release|Any CPU.ActiveCfg = Release|Any CPU
		{966FEC1A-8564-409B-BF14-4742FE22E383}.Release|Any CPU.Build.0 = Release|Any CPU
		{02B03BD4-DB89-4292-9152-4775E4DB475A}.Debug|Any CPU.ActiveCfg = Debug|Any CPU
		{02B03BD4-DB89-4292-9152-4775E4DB475A}.Debug|Any CPU.Build.0 = Debug|Any CPU
		{02B03BD4-DB89-4292-9152-4775E4DB475A}.Release|Any CPU.ActiveCfg = Release|Any CPU
		{02B03BD4-DB89-4292-9152-4775E4DB475A}.Release|Any CPU.Build.0 = Release|Any CPU
		{0FFA0148-9BAF-4484-858F-FC77233544F7}.Debug|Any CPU.ActiveCfg = Debug|Any CPU
		{0FFA0148-9BAF-4484-858F-FC77233544F7}.Debug|Any CPU.Build.0 = Debug|Any CPU
		{0FFA0148-9BAF-4484-858F-FC77233544F7}.Release|Any CPU.ActiveCfg = Release|Any CPU
		{0FFA0148-9BAF-4484-858F-FC77233544F7}.Release|Any CPU.Build.0 = Release|Any CPU
	EndGlobalSection
	GlobalSection(SolutionProperties) = preSolution
		HideSolutionNode = FALSE
	EndGlobalSection
	GlobalSection(ExtensibilityGlobals) = postSolution
		SolutionGuid = {0874C540-BBA5-467A-B6F7-1EC2F25BAEF5}
	EndGlobalSection
EndGlobal
